# This file is autogenerated, do not edit; changes may be undone by the next 'dep ensure'.


[[projects]]
  branch = "master"
  digest = "1:1614d849998d5f514ac43a3a3c0be1f9cb41807e33a80fa43e56ae8a481c04a0"
  name = "github.com/dgryski/dgoogauth"
  packages = ["."]
  pruneopts = "UT"
  revision = "5a805980a5f36312a33a72ca503d4170b9bb6057"

[[projects]]
  branch = "master"
  digest = "1:40f26f5af900819e344f0066e0970b5537ee34027d5035fa66e37a4ed6bfef6e"
  name = "github.com/ernestio/crypto"
  packages = ["aes"]
  pruneopts = "UT"
  revision = "176d762f3fa4a52c504c4b55579f44df5e494415"

[[projects]]
  branch = "master"
  digest = "1:6078f921de2a68b6afbc31dfa1684d600966f4c332063e8daef61758b6a6094e"
  name = "github.com/ernestio/ernest-config-client"
  packages = ["."]
  pruneopts = "UT"
  revision = "9588aab91bdf53d2fa430f9505b33457d3fcb3bc"

[[projects]]
  branch = "master"
  digest = "1:34490bd990d37cbbf1e1b080636cea0d91db77149b8d372bb6a9453e6c2eca8f"
  name = "github.com/gucumber/gucumber"
  packages = [
    ".",
    "gherkin",
  ]
  pruneopts = "UT"
  revision = "7d5c79e832a25825dbed83e78f8484d4ffe8ec16"

[[projects]]
  digest = "1:7e63b12cdd7bef2c411d736cb67e28134d39f5d236aa1bfb8f3d55e3ad709eca"
  name = "github.com/jinzhu/gorm"
  packages = [
    ".",
    "dialects/postgres",
  ]
  pruneopts = "UT"
  revision = "472c70caa40267cb89fd8facb07fe6454b578626"
  version = "v1.9.2"

[[projects]]
  branch = "master"
  digest = "1:fd97437fbb6b7dce04132cf06775bd258cce305c44add58eb55ca86c6c325160"
  name = "github.com/jinzhu/inflection"
  packages = ["."]
  pruneopts = "UT"
  revision = "04140366298a54a039076d798123ffa108fff46c"

[[projects]]
  digest = "1:b18ffc558326ebaed3b4a175617f1e12ed4e3f53d6ebfe5ba372a3de16d22278"
  name = "github.com/lib/pq"
  packages = [
    ".",
    "hstore",
    "oid",
  ]
  pruneopts = "UT"
  revision = "4ded0e9383f75c197b3a2aaa6d590ac52df6fd79"
  version = "v1.0.0"

[[projects]]
  digest = "1:2ca73053216eb11c8eea2855c8099ad82773638522f91cc0542ec9759163ff3c"
  name = "github.com/nats-io/go-nats"
  packages = [
    ".",
    "encoders/builtin",
    "util",
  ]
  pruneopts = "UT"
  revision = "70fe06cee50d4b6f98248d9675fb55f2a3aa7228"
  version = "v1.7.2"

[[projects]]
  digest = "1:0b5d91120efc54504bc253fda90b08c4be88cd78a4023ef60019e95bb0cdc136"
  name = "github.com/nats-io/nkeys"
  packages = ["."]
  pruneopts = "UT"
  revision = "1546a3320a8f195a5b5c84aef8309377c2e411d5"
  version = "v0.0.2"

[[projects]]
  digest = "1:c3cd663f2f30b92536b9f290ac85c6310dae36a14cb8961553ae9ccf0d85ae41"
  name = "github.com/nats-io/nuid"
  packages = ["."]
  pruneopts = "UT"
  revision = "289cccf02c178dc782430d534e3c1f5b72af807f"
  version = "v1.0.0"

[[projects]]
  branch = "master"
  digest = "1:b6f319f04391f5e3d1c9b81640c3b1dcb8a78e0a824e7e2f952ce2a67bae48d6"
  name = "github.com/r3labs/akira"
  packages = ["."]
  pruneopts = "UT"
  revision = "8754167cb7b314671eb1e2abf2e9465f2e3d5ad4"

[[projects]]
  branch = "master"
  digest = "1:44fbfce27cb96b7d20217634af466093485a3e8132820acbe95949cb64e7fc60"
  name = "github.com/shiena/ansicolor"
  packages = ["."]
  pruneopts = "UT"
  revision = "a422bbe96644373c5753384a59d678f7d261ff10"

[[projects]]
  digest = "1:7df351557a6d5c30804e7d6f7ed87f2fccb0619c08fcc84869a93f22bec96c11"
  name = "github.com/tidwall/gjson"
  packages = ["."]
  pruneopts = "UT"
  revision = "eee0b6226f0d1db2675a176fdfaa8419bcad4ca8"
  version = "v1.2.1"

[[projects]]
  digest = "1:8453ddbed197809ee8ca28b06bd04e127bec9912deb4ba451fea7a1eca578328"
  name = "github.com/tidwall/match"
  packages = ["."]
  pruneopts = "UT"
  revision = "33827db735fff6510490d69a8622612558a557ed"
  version = "v1.0.1"

[[projects]]
  branch = "master"
  digest = "1:88611438dc87bda5862e2d12d8e901bac8ebfd4a9034a896d2f69835360439a7"
  name = "github.com/tidwall/pretty"
  packages = ["."]
  pruneopts = "UT"
  revision = "65a9db5fad5105a89e17f38adcc9878685be6d78"

[[projects]]
  branch = "master"
  digest = "1:b8fa1ff0fc20983395978b3f771bb10438accbfe19326b02e236c1d4bf1c91b2"
  name = "golang.org/x/crypto"
  packages = [
    "ed25519",
    "ed25519/internal/edwards25519",
    "pbkdf2",
  ]
  pruneopts = "UT"
  revision = "a1f597ede03a7bef967a422b5b3a5bd08805a01e"

[[projects]]
  branch = "v1"
  digest = "1:3443b1423511a78a2108f907e8ab347e3e16db19b2ab6d3219d75d88839757c1"
  name = "gopkg.in/bsm/ratelimit.v1"
  packages = ["."]
  pruneopts = "UT"
  revision = "db14e161995a5177acef654cb0dd785e8ee8bc22"

[[projects]]
  digest = "1:cac778da79c136e5de51b654d377cdaab15be93cfd1f98fab4866dbb7441d445"
  name = "gopkg.in/redis.v3"
  packages = [
    ".",
    "internal",
    "internal/consistenthash",
    "internal/hashtag",
    "internal/pool",
  ]
  pruneopts = "UT"
  revision = "b5e368500d0a508ef8f16e9c2d4025a8a46bcc29"
  version = "v3.6.4"

[solve-meta]
  analyzer-name = "dep"
  analyzer-version = 1
  input-imports = [
    "github.com/dgryski/dgoogauth",
    "github.com/ernestio/crypto/aes",
    "github.com/ernestio/ernest-config-client",
    "github.com/gucumber/gucumber",
    "github.com/nats-io/go-nats",
    "github.com/tidwall/gjson",
  ]
  solver-name = "gps-cdcl"
  solver-version = 1
